
Microsoft Visual Studio Solution File, Format Version 12.00
# Visual Studio Version 17
VisualStudioVersion = 17.4.33122.133
MinimumVisualStudioVersion = 10.0.40219.1
Project("{FAE04EC0-301F-11D3-BF4B-00C04F79EFBC}") = "WEbCam_Streaiming_AspnetCore", "WEbCam_Streaiming_AspnetCore.csproj", "{BA6733FE-2846-40B9-A18F-6F9AEA28B339}"
EndProject
Global
	GlobalSection(SolutionConfigurationPlatforms) = preSolution
		Debug|Any CPU = Debug|Any CPU
		Release|Any CPU = Release|Any CPU
	EndGlobalSection
	GlobalSection(ProjectConfigurationPlatforms) = postSolution
		{BA6733FE-2846-40B9-A18F-6F9AEA28B339}.Debug|Any CPU.ActiveCfg = Debug|Any CPU
		{BA6733FE-2846-40B9-A18F-6F9AEA28B339}.Debug|Any CPU.Build.0 = Debug|Any CPU
		{BA6733FE-2846-40B9-A18F-6F9AEA28B339}.Release|Any CPU.ActiveCfg = Release|Any CPU
		{BA6733FE-2846-40B9-A18F-6F9AEA28B339}.Release|Any CPU.Build.0 = Release|Any CPU
	EndGlobalSection
	GlobalSection(SolutionProperties) = preSolution
		HideSolutionNode = FALSE
	EndGlobalSection
	GlobalSection(ExtensibilityGlobals) = postSolution
		SolutionGuid = {5A63BF42-5733-4676-8FFA-3A5EEEB1B3AD}
	EndGlobalSection
EndGlobal
